<?xml version="1.0" encoding="utf-8"?>
<Project ToolsVersion="4.0" xmlns="http://schemas.microsoft.com/developer/msbuild/2003">
  <ItemGroup>
    <ClCompile Include="NTFS_Parser.cpp">
      <Filter>소스 파일</Filter>
    </ClCompile>
    <ClCompile Include="NTFS_Struct.cpp">
      <Filter>소스 파일</Filter>
    </ClCompile>
  </ItemGroup>
  <ItemGroup>
    <ClInclude Include="NTFS_Parser.h">
      <Filter>헤더 파일</Filter>
    </ClInclude>
    <ClInclude Include="NTFS_Struct.h">
      <Filter>헤더 파일</Filter>
    </ClInclude>
    <ClInclude Include="stdafx.h">
      <Filter>헤더 파일</Filter>
    </ClInclude>
    <ClInclude Include="200NTFS.h">
      <Filter>헤더 파일</Filter>
    </ClInclude>
  </ItemGroup>
  <ItemGroup>
    <Filter Include="소스 파일">
      <UniqueIdentifier>{976b8bbe-2f30-4854-88b8-18756699f2d8}</UniqueIdentifier>
    </Filter>
    <Filter Include="헤더 파일">
      <UniqueIdentifier>{5056cc5d-9bcb-4a50-bf97-eca5037ab016}</UniqueIdentifier>
    </Filter>
  </ItemGroup>
</Project>